
Microsoft Visual Studio Solution File, Format Version 12.00
# Visual Studio 15
Project("{9344BDBB-3E7F-41FC-A0DD-8665D75EE146}") = "TSql", "TSql\TSql.mdproj", "{5E766CF1-0B80-4957-AAE8-BFBC4AD7185C}"
EndProject
Project("{2150E333-8FDC-42A3-9474-1A3956D46DE8}") = "Solution Items", "Solution Items", "{7318E882-2345-4E31-B6C1-A45F136105A2}"
	ProjectSection(SolutionItems) = preProject
		Section1.txt = Section1.txt
		WhileLoop.txt = WhileLoop.txt
		StoredProcedures.txt = StoredProcedures.txt
		Variables.txt = Variables.txt
		Out.txt = Out.txt
		ScalarFunctions.txt = ScalarFunctions.txt
		Case.txt = Case.txt
		TempTable.txt = TempTable.txt
		TableValuedFunc.txt = TableValuedFunc.txt
	EndProjectSection
EndProject
Global
	GlobalSection(SolutionConfigurationPlatforms) = preSolution
		Default|Any CPU = Default|Any CPU
	EndGlobalSection
	GlobalSection(ProjectConfigurationPlatforms) = postSolution
		{5E766CF1-0B80-4957-AAE8-BFBC4AD7185C}.Default|Any CPU.ActiveCfg = Default|Any CPU
		{5E766CF1-0B80-4957-AAE8-BFBC4AD7185C}.Default|Any CPU.Build.0 = Default|Any CPU
	EndGlobalSection
EndGlobal
